accelerate==1.10.1
datasets==2.21.0
fuzzywuzzy==0.18.0
huggingface-hub==0.34.4
nltk==3.9.1
matplotlib==3.10.6
numpy==1.26.4
packaging==25.0
pandas==2.3.2
peft==0.17.1
pyarrow==21.0.0
pytest==8.4.2
pytest-xdist==3.8.0
python-Levenshtein==0.27.1
pyrsistent==0.20.0
PyYAML==6.0.2
rouge==1.0.1
sacrebleu==2.5.1
sacremoses==0.1.1
safetensors==0.6.2
tokenizers==0.21.4
torch==2.8.0
tqdm==4.67.1
transformers==4.55.4
